# THIS IS AN AUTOGENERATED FILE. DO NOT EDIT THIS FILE DIRECTLY.
# yarn lockfile v1


"@hono/node-server@^1.5.0":
  version "1.5.0"
  resolved "https://registry.yarnpkg.com/@hono/node-server/-/node-server-1.5.0.tgz#f54f03f1b23391b823c18334bcf7416c817666d4"
  integrity sha512-xMZW2tuHLdUtx5B28E5bsLazJe9NVU2z4QW/Xefgvg41U84r4L1mTxNutTMNwt6BrRujy7hs1aKyUpIuSqcXtQ==

hono@^3.12.7:
  version "3.12.7"
  resolved "https://registry.yarnpkg.com/hono/-/hono-3.12.7.tgz#76be7d8a2f43ef29bba47e663b1adfba264a3281"
  integrity sha512-jfyIoE8D5I1PGj0tXAGqpQ2miAWBBuHFjJsWjh0hbBVludQ8QO4lF6KTbPvjMi4venp8Q6DyMoJ51CwP6L5LNA==

postgres@^3.4.3:
  version "3.4.3"
  resolved "https://registry.yarnpkg.com/postgres/-/postgres-3.4.3.tgz#52a0712cd6c2dae5e9f8c35b5c7b33434caa66ed"
  integrity sha512-iHJn4+M9vbTdHSdDzNkC0crHq+1CUdFhx+YqCE+SqWxPjm+Zu63jq7yZborOBF64c8pc58O5uMudyL1FQcHacA==
